// !$*UTF8*$!
{
	archiveVersion = 1;
	classes = {
	};
	objectVersion = 56;
	objects = {

/* Begin PBXBuildFile section */
		BF367A762A36DEA7007B9AB5 /* HotelBookingApp.swift in Sources */ = {isa = PBXBuildFile; fileRef = BF367A752A36DEA7007B9AB5 /* HotelBookingApp.swift */; };
		BF367A782A36DEA7007B9AB5 /* ContentView.swift in Sources */ = {isa = PBXBuildFile; fileRef = BF367A772A36DEA7007B9AB5 /* ContentView.swift */; };
		BF367A7A2A36DEA8007B9AB5 /* Assets.xcassets in Resources */ = {isa = PBXBuildFile; fileRef = BF367A792A36DEA8007B9AB5 /* Assets.xcassets */; };
		BF367A7D2A36DEA8007B9AB5 /* Preview Assets.xcassets in Resources */ = {isa = PBXBuildFile; fileRef = BF367A7C2A36DEA8007B9AB5 /* Preview Assets.xcassets */; };
		BF367A872A36DEA8007B9AB5 /* HotelBookingTests.swift in Sources */ = {isa = PBXBuildFile; fileRef = BF367A862A36DEA8007B9AB5 /* HotelBookingTests.swift */; };
		BF367A912A36DEA8007B9AB5 /* HotelBookingUITests.swift in Sources */ = {isa = PBXBuildFile; fileRef = BF367A902A36DEA8007B9AB5 /* HotelBookingUITests.swift */; };
		BF367A932A36DEA8007B9AB5 /* HotelBookingUITestsLaunchTests.swift in Sources */ = {isa = PBXBuildFile; fileRef = BF367A922A36DEA8007B9AB5 /* HotelBookingUITestsLaunchTests.swift */; };
		BF367AA22A36E057007B9AB5 /* HomeView.swift in Sources */ = {isa = PBXBuildFile; fileRef = BF367AA12A36E057007B9AB5 /* HomeView.swift */; };
		BF367AA42A36E0F7007B9AB5 /* AccomodationView.swift in Sources */ = {isa = PBXBuildFile; fileRef = BF367AA32A36E0F7007B9AB5 /* AccomodationView.swift */; };
		BF367AA62A36E104007B9AB5 /* AboutUsView.swift in Sources */ = {isa = PBXBuildFile; fileRef = BF367AA52A36E104007B9AB5 /* AboutUsView.swift */; };
		BF367AA82A36E122007B9AB5 /* EatDrinkView.swift in Sources */ = {isa = PBXBuildFile; fileRef = BF367AA72A36E122007B9AB5 /* EatDrinkView.swift */; };
		BF367AAA2A36E12A007B9AB5 /* OurStoryView.swift in Sources */ = {isa = PBXBuildFile; fileRef = BF367AA92A36E12A007B9AB5 /* OurStoryView.swift */; };
		BF367AAC2A36E130007B9AB5 /* SeeDoView.swift in Sources */ = {isa = PBXBuildFile; fileRef = BF367AAB2A36E130007B9AB5 /* SeeDoView.swift */; };
		BF367AAF2A36E251007B9AB5 /* Poppins-Regular.ttf in Resources */ = {isa = PBXBuildFile; fileRef = BF367AAE2A36E251007B9AB5 /* Poppins-Regular.ttf */; };
		BF367AB02A36E251007B9AB5 /* Poppins-Regular.ttf in Resources */ = {isa = PBXBuildFile; fileRef = BF367AAE2A36E251007B9AB5 /* Poppins-Regular.ttf */; };
		BF367AB12A36E251007B9AB5 /* Poppins-Regular.ttf in Resources */ = {isa = PBXBuildFile; fileRef = BF367AAE2A36E251007B9AB5 /* Poppins-Regular.ttf */; };
		BF367AB52A36E675007B9AB5 /* PrimaryButtonStyle.swift in Sources */ = {isa = PBXBuildFile; fileRef = BF367AB42A36E675007B9AB5 /* PrimaryButtonStyle.swift */; };
		BF367AB62A36E675007B9AB5 /* PrimaryButtonStyle.swift in Sources */ = {isa = PBXBuildFile; fileRef = BF367AB42A36E675007B9AB5 /* PrimaryButtonStyle.swift */; };
		BF367AB72A36E675007B9AB5 /* PrimaryButtonStyle.swift in Sources */ = {isa = PBXBuildFile; fileRef = BF367AB42A36E675007B9AB5 /* PrimaryButtonStyle.swift */; };
		BF367AB92A36F136007B9AB5 /* Poppins-Bold.ttf in Resources */ = {isa = PBXBuildFile; fileRef = BF367AB82A36F136007B9AB5 /* Poppins-Bold.ttf */; };
		BF367ABA2A36F136007B9AB5 /* Poppins-Bold.ttf in Resources */ = {isa = PBXBuildFile; fileRef = BF367AB82A36F136007B9AB5 /* Poppins-Bold.ttf */; };
		BF367ABB2A36F136007B9AB5 /* Poppins-Bold.ttf in Resources */ = {isa = PBXBuildFile; fileRef = BF367AB82A36F136007B9AB5 /* Poppins-Bold.ttf */; };
		BF5909142A38701400A63F11 /* BookingDateView.swift in Sources */ = {isa = PBXBuildFile; fileRef = BF5909132A38701400A63F11 /* BookingDateView.swift */; };
		BF5909172A38710100A63F11 /* Poppins-Medium.ttf in Resources */ = {isa = PBXBuildFile; fileRef = BF5909162A38710100A63F11 /* Poppins-Medium.ttf */; };
		BF5909182A38710100A63F11 /* Poppins-Medium.ttf in Resources */ = {isa = PBXBuildFile; fileRef = BF5909162A38710100A63F11 /* Poppins-Medium.ttf */; };
		BF5909192A38710100A63F11 /* Poppins-Medium.ttf in Resources */ = {isa = PBXBuildFile; fileRef = BF5909162A38710100A63F11 /* Poppins-Medium.ttf */; };
		BF59091B2A38726000A63F11 /* AccentButtonStyle.swift in Sources */ = {isa = PBXBuildFile; fileRef = BF59091A2A38726000A63F11 /* AccentButtonStyle.swift */; };
		BF59091C2A38726000A63F11 /* AccentButtonStyle.swift in Sources */ = {isa = PBXBuildFile; fileRef = BF59091A2A38726000A63F11 /* AccentButtonStyle.swift */; };
		BF59091D2A38726000A63F11 /* AccentButtonStyle.swift in Sources */ = {isa = PBXBuildFile; fileRef = BF59091A2A38726000A63F11 /* AccentButtonStyle.swift */; };
		BF59091F2A38775300A63F11 /* BookingViewModel.swift in Sources */ = {isa = PBXBuildFile; fileRef = BF59091E2A38775300A63F11 /* BookingViewModel.swift */; };
		BF5909202A38775300A63F11 /* BookingViewModel.swift in Sources */ = {isa = PBXBuildFile; fileRef = BF59091E2A38775300A63F11 /* BookingViewModel.swift */; };
		BF5909212A38775300A63F11 /* BookingViewModel.swift in Sources */ = {isa = PBXBuildFile; fileRef = BF59091E2A38775300A63F11 /* BookingViewModel.swift */; };
		BF5909232A38792100A63F11 /* BookingRoomView.swift in Sources */ = {isa = PBXBuildFile; fileRef = BF5909222A38792100A63F11 /* BookingRoomView.swift */; };
		BF5909242A38792100A63F11 /* BookingRoomView.swift in Sources */ = {isa = PBXBuildFile; fileRef = BF5909222A38792100A63F11 /* BookingRoomView.swift */; };
		BF5909252A38792100A63F11 /* BookingRoomView.swift in Sources */ = {isa = PBXBuildFile; fileRef = BF5909222A38792100A63F11 /* BookingRoomView.swift */; };
		BF5909272A38793200A63F11 /* RoomCard.swift in Sources */ = {isa = PBXBuildFile; fileRef = BF5909262A38793200A63F11 /* RoomCard.swift */; };
		BF5909282A38793200A63F11 /* RoomCard.swift in Sources */ = {isa = PBXBuildFile; fileRef = BF5909262A38793200A63F11 /* RoomCard.swift */; };
		BF5909292A38793200A63F11 /* RoomCard.swift in Sources */ = {isa = PBXBuildFile; fileRef = BF5909262A38793200A63F11 /* RoomCard.swift */; };
		BF59092B2A38812900A63F11 /* RoundedCorner.swift in Sources */ = {isa = PBXBuildFile; fileRef = BF59092A2A38812900A63F11 /* RoundedCorner.swift */; };
		BF59092C2A38812900A63F11 /* RoundedCorner.swift in Sources */ = {isa = PBXBuildFile; fileRef = BF59092A2A38812900A63F11 /* RoundedCorner.swift */; };
		BF59092D2A38812900A63F11 /* RoundedCorner.swift in Sources */ = {isa = PBXBuildFile; fileRef = BF59092A2A38812900A63F11 /* RoundedCorner.swift */; };
		BF59092F2A3882B400A63F11 /* RoomDetailView.swift in Sources */ = {isa = PBXBuildFile; fileRef = BF59092E2A3882B400A63F11 /* RoomDetailView.swift */; };
		BF5909302A3882B400A63F11 /* RoomDetailView.swift in Sources */ = {isa = PBXBuildFile; fileRef = BF59092E2A3882B400A63F11 /* RoomDetailView.swift */; };
		BF5909312A3882B400A63F11 /* RoomDetailView.swift in Sources */ = {isa = PBXBuildFile; fileRef = BF59092E2A3882B400A63F11 /* RoomDetailView.swift */; };
		BF6208B42A711B5400CF9670 /* Room.swift in Sources */ = {isa = PBXBuildFile; fileRef = BF6208B32A711B5400CF9670 /* Room.swift */; };
		BF6208B62A711B7400CF9670 /* RoomViewModel.swift in Sources */ = {isa = PBXBuildFile; fileRef = BF6208B52A711B7400CF9670 /* RoomViewModel.swift */; };
		BF6208BB2A711EF000CF9670 /* Alamofire in Frameworks */ = {isa = PBXBuildFile; productRef = BF6208BA2A711EF000CF9670 /* Alamofire */; };
		BF6208BE2A71277F00CF9670 /* ParseSwift in Frameworks */ = {isa = PBXBuildFile; productRef = BF6208BD2A71277F00CF9670 /* ParseSwift */; };
		BF6208C02A712E8100CF9670 /* AppDelegate.swift in Sources */ = {isa = PBXBuildFile; fileRef = BF6208BF2A712E8100CF9670 /* AppDelegate.swift */; };
		BF6208C22A71308F00CF9670 /* Example.swift in Sources */ = {isa = PBXBuildFile; fileRef = BF6208C12A71308F00CF9670 /* Example.swift */; };
		BF6208C52A715AF300CF9670 /* URLImage in Frameworks */ = {isa = PBXBuildFile; productRef = BF6208C42A715AF300CF9670 /* URLImage */; };
		BF6208C72A715AF300CF9670 /* URLImageStore in Frameworks */ = {isa = PBXBuildFile; productRef = BF6208C62A715AF300CF9670 /* URLImageStore */; };
		BF6208C92A71676E00CF9670 /* ImageLoader.swift in Sources */ = {isa = PBXBuildFile; fileRef = BF6208C82A71676E00CF9670 /* ImageLoader.swift */; };
		BF6208CB2A7177AC00CF9670 /* Collection.swift in Sources */ = {isa = PBXBuildFile; fileRef = BF6208CA2A7177AC00CF9670 /* Collection.swift */; };
		BF782DCD2A43016400063345 /* OnBoardingView.swift in Sources */ = {isa = PBXBuildFile; fileRef = BF782DCC2A43016400063345 /* OnBoardingView.swift */; };
		BF8417732A443A0B00EBE11B /* ThemeCard.swift in Sources */ = {isa = PBXBuildFile; fileRef = BF8417722A443A0B00EBE11B /* ThemeCard.swift */; };
		BF8417762A443DF300EBE11B /* Theme.swift in Sources */ = {isa = PBXBuildFile; fileRef = BF8417752A443DF300EBE11B /* Theme.swift */; };
		BF8BD1E42A557CAB001B6C8B /* CollectionCard.swift in Sources */ = {isa = PBXBuildFile; fileRef = BF8BD1E32A557CAB001B6C8B /* CollectionCard.swift */; };
		BF8BD1E62A557CD0001B6C8B /* WhatsOnView.swift in Sources */ = {isa = PBXBuildFile; fileRef = BF8BD1E52A557CD0001B6C8B /* WhatsOnView.swift */; };
		BF8BD1EB2A558143001B6C8B /* SwiftUIDayView.swift in Sources */ = {isa = PBXBuildFile; fileRef = BF8BD1EA2A558143001B6C8B /* SwiftUIDayView.swift */; };
		BF8BD1ED2A558160001B6C8B /* DayRangeIndicatorView.swift in Sources */ = {isa = PBXBuildFile; fileRef = BF8BD1EC2A558160001B6C8B /* DayRangeIndicatorView.swift */; };
		BF8BD1EF2A55817C001B6C8B /* DayRangeSelectionHelper.swift in Sources */ = {isa = PBXBuildFile; fileRef = BF8BD1EE2A55817C001B6C8B /* DayRangeSelectionHelper.swift */; };
		BF8EBE622A6ECF6300426FCD /* BlurView.swift in Sources */ = {isa = PBXBuildFile; fileRef = BF8EBE612A6ECF6300426FCD /* BlurView.swift */; };
		BF8EBE8C2A6F9BFD00426FCD /* MiniPlayer.swift in Sources */ = {isa = PBXBuildFile; fileRef = BF8EBE8B2A6F9BFD00426FCD /* MiniPlayer.swift */; };
		BF8EBE902A6FAB9B00426FCD /* VideoPlayerViewModel.swift in Sources */ = {isa = PBXBuildFile; fileRef = BF8EBE8F2A6FAB9B00426FCD /* VideoPlayerViewModel.swift */; };
		BF8EBE952A6FCAE100426FCD /* Header.swift in Sources */ = {isa = PBXBuildFile; fileRef = BF8EBE942A6FCAE100426FCD /* Header.swift */; };
		BF8EBE972A6FCB6B00426FCD /* Fonts.swift in Sources */ = {isa = PBXBuildFile; fileRef = BF8EBE962A6FCB6B00426FCD /* Fonts.swift */; };
		BF8EBE9B2A6FCD6800426FCD /* Colors.swift in Sources */ = {isa = PBXBuildFile; fileRef = BF8EBE9A2A6FCD6800426FCD /* Colors.swift */; };
		BF8EBE9D2A6FD1C700426FCD /* HomeViewModel.swift in Sources */ = {isa = PBXBuildFile; fileRef = BF8EBE9C2A6FD1C700426FCD /* HomeViewModel.swift */; };
		BF8EBE9F2A6FD28E00426FCD /* BookingDateViewModel.swift in Sources */ = {isa = PBXBuildFile; fileRef = BF8EBE9E2A6FD28E00426FCD /* BookingDateViewModel.swift */; };
		BF8EBEA32A6FF52600426FCD /* DateInputView.swift in Sources */ = {isa = PBXBuildFile; fileRef = BF8EBEA22A6FF52600426FCD /* DateInputView.swift */; };
		BFC36CBD2A471EB600B50B41 /* HorizonCalendar in Frameworks */ = {isa = PBXBuildFile; productRef = BFC36CBC2A471EB600B50B41 /* HorizonCalendar */; };
/* End PBXBuildFile section */

/* Begin PBXContainerItemProxy section */
		BF367A832A36DEA8007B9AB5 /* PBXContainerItemProxy */ = {
			isa = PBXContainerItemProxy;
			containerPortal = BF367A6A2A36DEA7007B9AB5 /* Project object */;
			proxyType = 1;
			remoteGlobalIDString = BF367A712A36DEA7007B9AB5;
			remoteInfo = HotelBooking;
		};
		BF367A8D2A36DEA8007B9AB5 /* PBXContainerItemProxy */ = {
			isa = PBXContainerItemProxy;
			containerPortal = BF367A6A2A36DEA7007B9AB5 /* Project object */;
			proxyType = 1;
			remoteGlobalIDString = BF367A712A36DEA7007B9AB5;
			remoteInfo = HotelBooking;
		};
/* End PBXContainerItemProxy section */

/* Begin PBXFileReference section */
		BF367A722A36DEA7007B9AB5 /* HotelBooking.app */ = {isa = PBXFileReference; explicitFileType = wrapper.application; includeInIndex = 0; path = HotelBooking.app; sourceTree = BUILT_PRODUCTS_DIR; };
		BF367A752A36DEA7007B9AB5 /* HotelBookingApp.swift */ = {isa = PBXFileReference; lastKnownFileType = sourcecode.swift; path = HotelBookingApp.swift; sourceTree = "<group>"; };
		BF367A772A36DEA7007B9AB5 /* ContentView.swift */ = {isa = PBXFileReference; lastKnownFileType = sourcecode.swift; path = ContentView.swift; sourceTree = "<group>"; };
		BF367A792A36DEA8007B9AB5 /* Assets.xcassets */ = {isa = PBXFileReference; lastKnownFileType = folder.assetcatalog; path = Assets.xcassets; sourceTree = "<group>"; };
		BF367A7C2A36DEA8007B9AB5 /* Preview Assets.xcassets */ = {isa = PBXFileReference; lastKnownFileType = folder.assetcatalog; path = "Preview Assets.xcassets"; sourceTree = "<group>"; };
		BF367A822A36DEA8007B9AB5 /* HotelBookingTests.xctest */ = {isa = PBXFileReference; explicitFileType = wrapper.cfbundle; includeInIndex = 0; path = HotelBookingTests.xctest; sourceTree = BUILT_PRODUCTS_DIR; };
		BF367A862A36DEA8007B9AB5 /* HotelBookingTests.swift */ = {isa = PBXFileReference; lastKnownFileType = sourcecode.swift; path = HotelBookingTests.swift; sourceTree = "<group>"; };
		BF367A8C2A36DEA8007B9AB5 /* HotelBookingUITests.xctest */ = {isa = PBXFileReference; explicitFileType = wrapper.cfbundle; includeInIndex = 0; path = HotelBookingUITests.xctest; sourceTree = BUILT_PRODUCTS_DIR; };
		BF367A902A36DEA8007B9AB5 /* HotelBookingUITests.swift */ = {isa = PBXFileReference; lastKnownFileType = sourcecode.swift; path = HotelBookingUITests.swift; sourceTree = "<group>"; };
		BF367A922A36DEA8007B9AB5 /* HotelBookingUITestsLaunchTests.swift */ = {isa = PBXFileReference; lastKnownFileType = sourcecode.swift; path = HotelBookingUITestsLaunchTests.swift; sourceTree = "<group>"; };
		BF367AA12A36E057007B9AB5 /* HomeView.swift */ = {isa = PBXFileReference; lastKnownFileType = sourcecode.swift; path = HomeView.swift; sourceTree = "<group>"; };
		BF367AA32A36E0F7007B9AB5 /* AccomodationView.swift */ = {isa = PBXFileReference; lastKnownFileType = sourcecode.swift; path = AccomodationView.swift; sourceTree = "<group>"; };
		BF367AA52A36E104007B9AB5 /* AboutUsView.swift */ = {isa = PBXFileReference; lastKnownFileType = sourcecode.swift; path = AboutUsView.swift; sourceTree = "<group>"; };
		BF367AA72A36E122007B9AB5 /* EatDrinkView.swift */ = {isa = PBXFileReference; lastKnownFileType = sourcecode.swift; path = EatDrinkView.swift; sourceTree = "<group>"; };
		BF367AA92A36E12A007B9AB5 /* OurStoryView.swift */ = {isa = PBXFileReference; lastKnownFileType = sourcecode.swift; path = OurStoryView.swift; sourceTree = "<group>"; };
		BF367AAB2A36E130007B9AB5 /* SeeDoView.swift */ = {isa = PBXFileReference; lastKnownFileType = sourcecode.swift; path = SeeDoView.swift; sourceTree = "<group>"; };
		BF367AAE2A36E251007B9AB5 /* Poppins-Regular.ttf */ = {isa = PBXFileReference; lastKnownFileType = file; path = "Poppins-Regular.ttf"; sourceTree = "<group>"; };
		BF367AB22A36E2B5007B9AB5 /* Info.plist */ = {isa = PBXFileReference; lastKnownFileType = text.plist; path = Info.plist; sourceTree = "<group>"; };
		BF367AB42A36E675007B9AB5 /* PrimaryButtonStyle.swift */ = {isa = PBXFileReference; lastKnownFileType = sourcecode.swift; path = PrimaryButtonStyle.swift; sourceTree = "<group>"; };
		BF367AB82A36F136007B9AB5 /* Poppins-Bold.ttf */ = {isa = PBXFileReference; lastKnownFileType = file; path = "Poppins-Bold.ttf"; sourceTree = "<group>"; };
		BF5909132A38701400A63F11 /* BookingDateView.swift */ = {isa = PBXFileReference; lastKnownFileType = sourcecode.swift; path = BookingDateView.swift; sourceTree = "<group>"; };
		BF5909162A38710100A63F11 /* Poppins-Medium.ttf */ = {isa = PBXFileReference; lastKnownFileType = file; path = "Poppins-Medium.ttf"; sourceTree = "<group>"; };
		BF59091A2A38726000A63F11 /* AccentButtonStyle.swift */ = {isa = PBXFileReference; lastKnownFileType = sourcecode.swift; path = AccentButtonStyle.swift; sourceTree = "<group>"; };
		BF59091E2A38775300A63F11 /* BookingViewModel.swift */ = {isa = PBXFileReference; lastKnownFileType = sourcecode.swift; path = BookingViewModel.swift; sourceTree = "<group>"; };
		BF5909222A38792100A63F11 /* BookingRoomView.swift */ = {isa = PBXFileReference; lastKnownFileType = sourcecode.swift; path = BookingRoomView.swift; sourceTree = "<group>"; };
		BF5909262A38793200A63F11 /* RoomCard.swift */ = {isa = PBXFileReference; lastKnownFileType = sourcecode.swift; path = RoomCard.swift; sourceTree = "<group>"; };
		BF59092A2A38812900A63F11 /* RoundedCorner.swift */ = {isa = PBXFileReference; lastKnownFileType = sourcecode.swift; path = RoundedCorner.swift; sourceTree = "<group>"; };
		BF59092E2A3882B400A63F11 /* RoomDetailView.swift */ = {isa = PBXFileReference; lastKnownFileType = sourcecode.swift; path = RoomDetailView.swift; sourceTree = "<group>"; };
		BF6208B32A711B5400CF9670 /* Room.swift */ = {isa = PBXFileReference; lastKnownFileType = sourcecode.swift; path = Room.swift; sourceTree = "<group>"; };
		BF6208B52A711B7400CF9670 /* RoomViewModel.swift */ = {isa = PBXFileReference; lastKnownFileType = sourcecode.swift; path = RoomViewModel.swift; sourceTree = "<group>"; };
		BF6208BF2A712E8100CF9670 /* AppDelegate.swift */ = {isa = PBXFileReference; lastKnownFileType = sourcecode.swift; path = AppDelegate.swift; sourceTree = "<group>"; };
		BF6208C12A71308F00CF9670 /* Example.swift */ = {isa = PBXFileReference; lastKnownFileType = sourcecode.swift; path = Example.swift; sourceTree = "<group>"; };
		BF6208C82A71676E00CF9670 /* ImageLoader.swift */ = {isa = PBXFileReference; lastKnownFileType = sourcecode.swift; path = ImageLoader.swift; sourceTree = "<group>"; };
		BF6208CA2A7177AC00CF9670 /* Collection.swift */ = {isa = PBXFileReference; lastKnownFileType = sourcecode.swift; path = Collection.swift; sourceTree = "<group>"; };
		BF782DCC2A43016400063345 /* OnBoardingView.swift */ = {isa = PBXFileReference; lastKnownFileType = sourcecode.swift; path = OnBoardingView.swift; sourceTree = "<group>"; };
		BF8417722A443A0B00EBE11B /* ThemeCard.swift */ = {isa = PBXFileReference; lastKnownFileType = sourcecode.swift; path = ThemeCard.swift; sourceTree = "<group>"; };
		BF8417752A443DF300EBE11B /* Theme.swift */ = {isa = PBXFileReference; lastKnownFileType = sourcecode.swift; path = Theme.swift; sourceTree = "<group>"; };
		BF8BD1E32A557CAB001B6C8B /* CollectionCard.swift */ = {isa = PBXFileReference; lastKnownFileType = sourcecode.swift; path = CollectionCard.swift; sourceTree = "<group>"; };
		BF8BD1E52A557CD0001B6C8B /* WhatsOnView.swift */ = {isa = PBXFileReference; lastKnownFileType = sourcecode.swift; path = WhatsOnView.swift; sourceTree = "<group>"; };
		BF8BD1EA2A558143001B6C8B /* SwiftUIDayView.swift */ = {isa = PBXFileReference; lastKnownFileType = sourcecode.swift; path = SwiftUIDayView.swift; sourceTree = "<group>"; };
		BF8BD1EC2A558160001B6C8B /* DayRangeIndicatorView.swift */ = {isa = PBXFileReference; lastKnownFileType = sourcecode.swift; path = DayRangeIndicatorView.swift; sourceTree = "<group>"; };
		BF8BD1EE2A55817C001B6C8B /* DayRangeSelectionHelper.swift */ = {isa = PBXFileReference; lastKnownFileType = sourcecode.swift; path = DayRangeSelectionHelper.swift; sourceTree = "<group>"; };
		BF8EBE612A6ECF6300426FCD /* BlurView.swift */ = {isa = PBXFileReference; lastKnownFileType = sourcecode.swift; path = BlurView.swift; sourceTree = "<group>"; };
		BF8EBE8B2A6F9BFD00426FCD /* MiniPlayer.swift */ = {isa = PBXFileReference; lastKnownFileType = sourcecode.swift; path = MiniPlayer.swift; sourceTree = "<group>"; };
		BF8EBE8F2A6FAB9B00426FCD /* VideoPlayerViewModel.swift */ = {isa = PBXFileReference; fileEncoding = 4; lastKnownFileType = sourcecode.swift; path = VideoPlayerViewModel.swift; sourceTree = "<group>"; };
		BF8EBE942A6FCAE100426FCD /* Header.swift */ = {isa = PBXFileReference; lastKnownFileType = sourcecode.swift; path = Header.swift; sourceTree = "<group>"; };
		BF8EBE962A6FCB6B00426FCD /* Fonts.swift */ = {isa = PBXFileReference; lastKnownFileType = sourcecode.swift; path = Fonts.swift; sourceTree = "<group>"; };
		BF8EBE9A2A6FCD6800426FCD /* Colors.swift */ = {isa = PBXFileReference; lastKnownFileType = sourcecode.swift; path = Colors.swift; sourceTree = "<group>"; };
		BF8EBE9C2A6FD1C700426FCD /* HomeViewModel.swift */ = {isa = PBXFileReference; lastKnownFileType = sourcecode.swift; path = HomeViewModel.swift; sourceTree = "<group>"; };
		BF8EBE9E2A6FD28E00426FCD /* BookingDateViewModel.swift */ = {isa = PBXFileReference; lastKnownFileType = sourcecode.swift; path = BookingDateViewModel.swift; sourceTree = "<group>"; };
		BF8EBEA22A6FF52600426FCD /* DateInputView.swift */ = {isa = PBXFileReference; lastKnownFileType = sourcecode.swift; path = DateInputView.swift; sourceTree = "<group>"; };
/* End PBXFileReference section */

/* Begin PBXFrameworksBuildPhase section */
		BF367A6F2A36DEA7007B9AB5 /* Frameworks */ = {
			isa = PBXFrameworksBuildPhase;
			buildActionMask = 2147483647;
			files = (
				BF6208C72A715AF300CF9670 /* URLImageStore in Frameworks */,
				BFC36CBD2A471EB600B50B41 /* HorizonCalendar in Frameworks */,
				BF6208BE2A71277F00CF9670 /* ParseSwift in Frameworks */,
				BF6208C52A715AF300CF9670 /* URLImage in Frameworks */,
				BF6208BB2A711EF000CF9670 /* Alamofire in Frameworks */,
			);
			runOnlyForDeploymentPostprocessing = 0;
		};
		BF367A7F2A36DEA8007B9AB5 /* Frameworks */ = {
			isa = PBXFrameworksBuildPhase;
			buildActionMask = 2147483647;
			files = (
			);
			runOnlyForDeploymentPostprocessing = 0;
		};
		BF367A892A36DEA8007B9AB5 /* Frameworks */ = {
			isa = PBXFrameworksBuildPhase;
			buildActionMask = 2147483647;
			files = (
			);
			runOnlyForDeploymentPostprocessing = 0;
		};
/* End PBXFrameworksBuildPhase section */

/* Begin PBXGroup section */
		BF367A692A36DEA7007B9AB5 = {
			isa = PBXGroup;
			children = (
				BF367A742A36DEA7007B9AB5 /* HotelBooking */,
				BF367A792A36DEA8007B9AB5 /* Assets.xcassets */,
				BF367A852A36DEA8007B9AB5 /* HotelBookingTests */,
				BF367A8F2A36DEA8007B9AB5 /* HotelBookingUITests */,
				BF367A732A36DEA7007B9AB5 /* Products */,
			);
			sourceTree = "<group>";
		};
		BF367A732A36DEA7007B9AB5 /* Products */ = {
			isa = PBXGroup;
			children = (
				BF367A722A36DEA7007B9AB5 /* HotelBooking.app */,
				BF367A822A36DEA8007B9AB5 /* HotelBookingTests.xctest */,
				BF367A8C2A36DEA8007B9AB5 /* HotelBookingUITests.xctest */,
			);
			name = Products;
			sourceTree = "<group>";
		};
		BF367A742A36DEA7007B9AB5 /* HotelBooking */ = {
			isa = PBXGroup;
			children = (
				BF6208C12A71308F00CF9670 /* Example.swift */,
				BF6208BF2A712E8100CF9670 /* AppDelegate.swift */,
				BF367AB22A36E2B5007B9AB5 /* Info.plist */,
				BF367A752A36DEA7007B9AB5 /* HotelBookingApp.swift */,
				BF367A772A36DEA7007B9AB5 /* ContentView.swift */,
				BF8417742A443DE700EBE11B /* Model */,
				BF367AA02A36E02D007B9AB5 /* ViewModel */,
				BF367A9F2A36E024007B9AB5 /* View */,
				BF367AB32A36E5F7007B9AB5 /* Style */,
				BF367AAD2A36E235007B9AB5 /* Fonts */,
				BF367A7B2A36DEA8007B9AB5 /* Preview Content */,
				BF6208C82A71676E00CF9670 /* ImageLoader.swift */,
			);
			path = HotelBooking;
			sourceTree = "<group>";
		};
		BF367A7B2A36DEA8007B9AB5 /* Preview Content */ = {
			isa = PBXGroup;
			children = (
				BF367A7C2A36DEA8007B9AB5 /* Preview Assets.xcassets */,
			);
			path = "Preview Content";
			sourceTree = "<group>";
		};
		BF367A852A36DEA8007B9AB5 /* HotelBookingTests */ = {
			isa = PBXGroup;
			children = (
				BF367A862A36DEA8007B9AB5 /* HotelBookingTests.swift */,
			);
			path = HotelBookingTests;
			sourceTree = "<group>";
		};
		BF367A8F2A36DEA8007B9AB5 /* HotelBookingUITests */ = {
			isa = PBXGroup;
			children = (
				BF367A902A36DEA8007B9AB5 /* HotelBookingUITests.swift */,
				BF367A922A36DEA8007B9AB5 /* HotelBookingUITestsLaunchTests.swift */,
			);
			path = HotelBookingUITests;
			sourceTree = "<group>";
		};
		BF367A9F2A36E024007B9AB5 /* View */ = {
			isa = PBXGroup;
			children = (
				BF8EBE932A6FCAC900426FCD /* Components */,
				BF782DCC2A43016400063345 /* OnBoardingView.swift */,
				BF8417712A443A0300EBE11B /* Home */,
				BF5909152A38701700A63F11 /* Booking */,
				BF8EBEA42A7010B800426FCD /* LowPriority */,
			);
			name = View;
			sourceTree = "<group>";
		};
		BF367AA02A36E02D007B9AB5 /* ViewModel */ = {
			isa = PBXGroup;
			children = (
				BF59091E2A38775300A63F11 /* BookingViewModel.swift */,
				BF8EBE8F2A6FAB9B00426FCD /* VideoPlayerViewModel.swift */,
				BF8EBE9C2A6FD1C700426FCD /* HomeViewModel.swift */,
				BF8EBE9E2A6FD28E00426FCD /* BookingDateViewModel.swift */,
				BF6208B52A711B7400CF9670 /* RoomViewModel.swift */,
			);
			path = ViewModel;
			sourceTree = "<group>";
		};
		BF367AAD2A36E235007B9AB5 /* Fonts */ = {
			isa = PBXGroup;
			children = (
				BF367AAE2A36E251007B9AB5 /* Poppins-Regular.ttf */,
				BF367AB82A36F136007B9AB5 /* Poppins-Bold.ttf */,
				BF5909162A38710100A63F11 /* Poppins-Medium.ttf */,
			);
			path = Fonts;
			sourceTree = "<group>";
		};
		BF367AB32A36E5F7007B9AB5 /* Style */ = {
			isa = PBXGroup;
			children = (
				BF367AB42A36E675007B9AB5 /* PrimaryButtonStyle.swift */,
				BF59091A2A38726000A63F11 /* AccentButtonStyle.swift */,
				BF59092A2A38812900A63F11 /* RoundedCorner.swift */,
				BF8EBE962A6FCB6B00426FCD /* Fonts.swift */,
				BF8EBE9A2A6FCD6800426FCD /* Colors.swift */,
			);
			path = Style;
			sourceTree = "<group>";
		};
		BF5909152A38701700A63F11 /* Booking */ = {
			isa = PBXGroup;
			children = (
				BF8EBEA22A6FF52600426FCD /* DateInputView.swift */,
				BF5909132A38701400A63F11 /* BookingDateView.swift */,
				BF8BD1F02A558652001B6C8B /* HorizonCalendar */,
				BF5909222A38792100A63F11 /* BookingRoomView.swift */,
				BF5909262A38793200A63F11 /* RoomCard.swift */,
				BF59092E2A3882B400A63F11 /* RoomDetailView.swift */,
				BF8EBE8A2A6EE92900426FCD /* TotalView */,
			);
			path = Booking;
			sourceTree = "<group>";
		};
		BF8417712A443A0300EBE11B /* Home */ = {
			isa = PBXGroup;
			children = (
				BF367AA12A36E057007B9AB5 /* HomeView.swift */,
				BF8BD1E22A557C9E001B6C8B /* HomeCard */,
			);
			path = Home;
			sourceTree = "<group>";
		};
		BF8417742A443DE700EBE11B /* Model */ = {
			isa = PBXGroup;
			children = (
				BF8417752A443DF300EBE11B /* Theme.swift */,
				BF6208B32A711B5400CF9670 /* Room.swift */,
				BF6208CA2A7177AC00CF9670 /* Collection.swift */,
			);
			path = Model;
			sourceTree = "<group>";
		};
		BF8BD1E22A557C9E001B6C8B /* HomeCard */ = {
			isa = PBXGroup;
			children = (
				BF8417722A443A0B00EBE11B /* ThemeCard.swift */,
				BF8BD1E32A557CAB001B6C8B /* CollectionCard.swift */,
				BF8BD1E52A557CD0001B6C8B /* WhatsOnView.swift */,
			);
			path = HomeCard;
			sourceTree = "<group>";
		};
		BF8BD1F02A558652001B6C8B /* HorizonCalendar */ = {
			isa = PBXGroup;
			children = (
				BF8BD1EE2A55817C001B6C8B /* DayRangeSelectionHelper.swift */,
				BF8BD1EC2A558160001B6C8B /* DayRangeIndicatorView.swift */,
				BF8BD1EA2A558143001B6C8B /* SwiftUIDayView.swift */,
			);
			path = HorizonCalendar;
			sourceTree = "<group>";
		};
		BF8EBE8A2A6EE92900426FCD /* TotalView */ = {
			isa = PBXGroup;
			children = (
				BF8EBE612A6ECF6300426FCD /* BlurView.swift */,
				BF8EBE8B2A6F9BFD00426FCD /* MiniPlayer.swift */,
			);
			path = TotalView;
			sourceTree = "<group>";
		};
		BF8EBE932A6FCAC900426FCD /* Components */ = {
			isa = PBXGroup;
			children = (
				BF8EBE942A6FCAE100426FCD /* Header.swift */,
			);
			path = Components;
			sourceTree = "<group>";
		};
		BF8EBEA42A7010B800426FCD /* LowPriority */ = {
			isa = PBXGroup;
			children = (
				BF367AAB2A36E130007B9AB5 /* SeeDoView.swift */,
				BF367AA92A36E12A007B9AB5 /* OurStoryView.swift */,
				BF367AA72A36E122007B9AB5 /* EatDrinkView.swift */,
				BF367AA52A36E104007B9AB5 /* AboutUsView.swift */,
				BF367AA32A36E0F7007B9AB5 /* AccomodationView.swift */,
			);
			path = LowPriority;
			sourceTree = "<group>";
		};
/* End PBXGroup section */

/* Begin PBXNativeTarget section */
		BF367A712A36DEA7007B9AB5 /* HotelBooking */ = {
			isa = PBXNativeTarget;
			buildConfigurationList = BF367A962A36DEA8007B9AB5 /* Build configuration list for PBXNativeTarget "HotelBooking" */;
			buildPhases = (
				BF367A6E2A36DEA7007B9AB5 /* Sources */,
				BF367A6F2A36DEA7007B9AB5 /* Frameworks */,
				BF367A702A36DEA7007B9AB5 /* Resources */,
			);
			buildRules = (
			);
			dependencies = (
			);
			name = HotelBooking;
			packageProductDependencies = (
				BFC36CBC2A471EB600B50B41 /* HorizonCalendar */,
				BF6208BA2A711EF000CF9670 /* Alamofire */,
				BF6208BD2A71277F00CF9670 /* ParseSwift */,
				BF6208C42A715AF300CF9670 /* URLImage */,
				BF6208C62A715AF300CF9670 /* URLImageStore */,
			);
			productName = HotelBooking;
			productReference = BF367A722A36DEA7007B9AB5 /* HotelBooking.app */;
			productType = "com.apple.product-type.application";
		};
		BF367A812A36DEA8007B9AB5 /* HotelBookingTests */ = {
			isa = PBXNativeTarget;
			buildConfigurationList = BF367A992A36DEA8007B9AB5 /* Build configuration list for PBXNativeTarget "HotelBookingTests" */;
			buildPhases = (
				BF367A7E2A36DEA8007B9AB5 /* Sources */,
				BF367A7F2A36DEA8007B9AB5 /* Frameworks */,
				BF367A802A36DEA8007B9AB5 /* Resources */,
			);
			buildRules = (
			);
			dependencies = (
				BF367A842A36DEA8007B9AB5 /* PBXTargetDependency */,
			);
			name = HotelBookingTests;
			productName = HotelBookingTests;
			productReference = BF367A822A36DEA8007B9AB5 /* HotelBookingTests.xctest */;
			productType = "com.apple.product-type.bundle.unit-test";
		};
		BF367A8B2A36DEA8007B9AB5 /* HotelBookingUITests */ = {
			isa = PBXNativeTarget;
			buildConfigurationList = BF367A9C2A36DEA8007B9AB5 /* Build configuration list for PBXNativeTarget "HotelBookingUITests" */;
			buildPhases = (
				BF367A882A36DEA8007B9AB5 /* Sources */,
				BF367A892A36DEA8007B9AB5 /* Frameworks */,
				BF367A8A2A36DEA8007B9AB5 /* Resources */,
			);
			buildRules = (
			);
			dependencies = (
				BF367A8E2A36DEA8007B9AB5 /* PBXTargetDependency */,
			);
			name = HotelBookingUITests;
			productName = HotelBookingUITests;
			productReference = BF367A8C2A36DEA8007B9AB5 /* HotelBookingUITests.xctest */;
			productType = "com.apple.product-type.bundle.ui-testing";
		};
/* End PBXNativeTarget section */

/* Begin PBXProject section */
		BF367A6A2A36DEA7007B9AB5 /* Project object */ = {
			isa = PBXProject;
			attributes = {
				BuildIndependentTargetsInParallel = 1;
				LastSwiftUpdateCheck = 1430;
				LastUpgradeCheck = 1430;
				TargetAttributes = {
					BF367A712A36DEA7007B9AB5 = {
						CreatedOnToolsVersion = 14.3.1;
					};
					BF367A812A36DEA8007B9AB5 = {
						CreatedOnToolsVersion = 14.3.1;
						TestTargetID = BF367A712A36DEA7007B9AB5;
					};
					BF367A8B2A36DEA8007B9AB5 = {
						CreatedOnToolsVersion = 14.3.1;
						TestTargetID = BF367A712A36DEA7007B9AB5;
					};
				};
			};
			buildConfigurationList = BF367A6D2A36DEA7007B9AB5 /* Build configuration list for PBXProject "HotelBooking" */;
			compatibilityVersion = "Xcode 14.0";
			developmentRegion = en;
			hasScannedForEncodings = 0;
			knownRegions = (
				en,
				Base,
			);
			mainGroup = BF367A692A36DEA7007B9AB5;
			packageReferences = (
				BFC36CBB2A471EB600B50B41 /* XCRemoteSwiftPackageReference "HorizonCalendar" */,
				BF6208B92A711EF000CF9670 /* XCRemoteSwiftPackageReference "Alamofire" */,
				BF6208BC2A71277F00CF9670 /* XCRemoteSwiftPackageReference "Parse-Swift" */,
				BF6208C32A715AF300CF9670 /* XCRemoteSwiftPackageReference "url-image" */,
			);
			productRefGroup = BF367A732A36DEA7007B9AB5 /* Products */;
			projectDirPath = "";
			projectRoot = "";
			targets = (
				BF367A712A36DEA7007B9AB5 /* HotelBooking */,
				BF367A812A36DEA8007B9AB5 /* HotelBookingTests */,
				BF367A8B2A36DEA8007B9AB5 /* HotelBookingUITests */,
			);
		};
/* End PBXProject section */

/* Begin PBXResourcesBuildPhase section */
		BF367A702A36DEA7007B9AB5 /* Resources */ = {
			isa = PBXResourcesBuildPhase;
			buildActionMask = 2147483647;
			files = (
				BF367AAF2A36E251007B9AB5 /* Poppins-Regular.ttf in Resources */,
				BF367A7D2A36DEA8007B9AB5 /* Preview Assets.xcassets in Resources */,
				BF367A7A2A36DEA8007B9AB5 /* Assets.xcassets in Resources */,
				BF367AB92A36F136007B9AB5 /* Poppins-Bold.ttf in Resources */,
				BF5909172A38710100A63F11 /* Poppins-Medium.ttf in Resources */,
			);
			runOnlyForDeploymentPostprocessing = 0;
		};
		BF367A802A36DEA8007B9AB5 /* Resources */ = {
			isa = PBXResourcesBuildPhase;
			buildActionMask = 2147483647;
			files = (
				BF5909182A38710100A63F11 /* Poppins-Medium.ttf in Resources */,
				BF367AB02A36E251007B9AB5 /* Poppins-Regular.ttf in Resources */,
				BF367ABA2A36F136007B9AB5 /* Poppins-Bold.ttf in Resources */,
			);
			runOnlyForDeploymentPostprocessing = 0;
		};
		BF367A8A2A36DEA8007B9AB5 /* Resources */ = {
			isa = PBXResourcesBuildPhase;
			buildActionMask = 2147483647;
			files = (
				BF5909192A38710100A63F11 /* Poppins-Medium.ttf in Resources */,
				BF367AB12A36E251007B9AB5 /* Poppins-Regular.ttf in Resources */,
				BF367ABB2A36F136007B9AB5 /* Poppins-Bold.ttf in Resources */,
			);
			runOnlyForDeploymentPostprocessing = 0;
		};
/* End PBXResourcesBuildPhase section */

/* Begin PBXSourcesBuildPhase section */
		BF367A6E2A36DEA7007B9AB5 /* Sources */ = {
			isa = PBXSourcesBuildPhase;
			buildActionMask = 2147483647;
			files = (
				BF5909232A38792100A63F11 /* BookingRoomView.swift in Sources */,
				BF8EBE9D2A6FD1C700426FCD /* HomeViewModel.swift in Sources */,
				BF8BD1E42A557CAB001B6C8B /* CollectionCard.swift in Sources */,
				BF367AB52A36E675007B9AB5 /* PrimaryButtonStyle.swift in Sources */,
				BF367AA22A36E057007B9AB5 /* HomeView.swift in Sources */,
				BF6208B62A711B7400CF9670 /* RoomViewModel.swift in Sources */,
				BF6208CB2A7177AC00CF9670 /* Collection.swift in Sources */,
				BF367AA62A36E104007B9AB5 /* AboutUsView.swift in Sources */,
				BF5909272A38793200A63F11 /* RoomCard.swift in Sources */,
				BF367AA42A36E0F7007B9AB5 /* AccomodationView.swift in Sources */,
				BF8BD1E62A557CD0001B6C8B /* WhatsOnView.swift in Sources */,
				BF367AAA2A36E12A007B9AB5 /* OurStoryView.swift in Sources */,
				BF8EBE952A6FCAE100426FCD /* Header.swift in Sources */,
				BF8EBE622A6ECF6300426FCD /* BlurView.swift in Sources */,
				BF6208C02A712E8100CF9670 /* AppDelegate.swift in Sources */,
				BF8BD1EF2A55817C001B6C8B /* DayRangeSelectionHelper.swift in Sources */,
				BF367A782A36DEA7007B9AB5 /* ContentView.swift in Sources */,
				BF367AAC2A36E130007B9AB5 /* SeeDoView.swift in Sources */,
				BF782DCD2A43016400063345 /* OnBoardingView.swift in Sources */,
				BF367AA82A36E122007B9AB5 /* EatDrinkView.swift in Sources */,
				BF6208C22A71308F00CF9670 /* Example.swift in Sources */,
				BF8417732A443A0B00EBE11B /* ThemeCard.swift in Sources */,
				BF59092F2A3882B400A63F11 /* RoomDetailView.swift in Sources */,
				BF8417762A443DF300EBE11B /* Theme.swift in Sources */,
				BF6208B42A711B5400CF9670 /* Room.swift in Sources */,
				BF5909142A38701400A63F11 /* BookingDateView.swift in Sources */,
				BF8EBE9F2A6FD28E00426FCD /* BookingDateViewModel.swift in Sources */,
				BF8BD1EB2A558143001B6C8B /* SwiftUIDayView.swift in Sources */,
				BF59091B2A38726000A63F11 /* AccentButtonStyle.swift in Sources */,
				BF6208C92A71676E00CF9670 /* ImageLoader.swift in Sources */,
				BF8EBE972A6FCB6B00426FCD /* Fonts.swift in Sources */,
				BF8EBEA32A6FF52600426FCD /* DateInputView.swift in Sources */,
				BF8EBE9B2A6FCD6800426FCD /* Colors.swift in Sources */,
				BF59092B2A38812900A63F11 /* RoundedCorner.swift in Sources */,
				BF59091F2A38775300A63F11 /* BookingViewModel.swift in Sources */,
				BF8EBE902A6FAB9B00426FCD /* VideoPlayerViewModel.swift in Sources */,
				BF8EBE8C2A6F9BFD00426FCD /* MiniPlayer.swift in Sources */,
				BF367A762A36DEA7007B9AB5 /* HotelBookingApp.swift in Sources */,
				BF8BD1ED2A558160001B6C8B /* DayRangeIndicatorView.swift in Sources */,
			);
			runOnlyForDeploymentPostprocessing = 0;
		};
		BF367A7E2A36DEA8007B9AB5 /* Sources */ = {
			isa = PBXSourcesBuildPhase;
			buildActionMask = 2147483647;
			files = (
				BF367AB62A36E675007B9AB5 /* PrimaryButtonStyle.swift in Sources */,
				BF59091C2A38726000A63F11 /* AccentButtonStyle.swift in Sources */,
				BF5909302A3882B400A63F11 /* RoomDetailView.swift in Sources */,
				BF5909202A38775300A63F11 /* BookingViewModel.swift in Sources */,
				BF5909242A38792100A63F11 /* BookingRoomView.swift in Sources */,
				BF5909282A38793200A63F11 /* RoomCard.swift in Sources */,
				BF367A872A36DEA8007B9AB5 /* HotelBookingTests.swift in Sources */,
				BF59092C2A38812900A63F11 /* RoundedCorner.swift in Sources */,
			);
			runOnlyForDeploymentPostprocessing = 0;
		};
		BF367A882A36DEA8007B9AB5 /* Sources */ = {
			isa = PBXSourcesBuildPhase;
			buildActionMask = 2147483647;
			files = (
				BF59092D2A38812900A63F11 /* RoundedCorner.swift in Sources */,
				BF367AB72A36E675007B9AB5 /* PrimaryButtonStyle.swift in Sources */,
				BF5909252A38792100A63F11 /* BookingRoomView.swift in Sources */,
				BF5909312A3882B400A63F11 /* RoomDetailView.swift in Sources */,
				BF5909212A38775300A63F11 /* BookingViewModel.swift in Sources */,
				BF59091D2A38726000A63F11 /* AccentButtonStyle.swift in Sources */,
				BF5909292A38793200A63F11 /* RoomCard.swift in Sources */,
				BF367A912A36DEA8007B9AB5 /* HotelBookingUITests.swift in Sources */,
				BF367A932A36DEA8007B9AB5 /* HotelBookingUITestsLaunchTests.swift in Sources */,
			);
			runOnlyForDeploymentPostprocessing = 0;
		};
/* End PBXSourcesBuildPhase section */

/* Begin PBXTargetDependency section */
		BF367A842A36DEA8007B9AB5 /* PBXTargetDependency */ = {
			isa = PBXTargetDependency;
			target = BF367A712A36DEA7007B9AB5 /* HotelBooking */;
			targetProxy = BF367A832A36DEA8007B9AB5 /* PBXContainerItemProxy */;
		};
		BF367A8E2A36DEA8007B9AB5 /* PBXTargetDependency */ = {
			isa = PBXTargetDependency;
			target = BF367A712A36DEA7007B9AB5 /* HotelBooking */;
			targetProxy = BF367A8D2A36DEA8007B9AB5 /* PBXContainerItemProxy */;
		};
/* End PBXTargetDependency section */

/* Begin XCBuildConfiguration section */
		BF367A942A36DEA8007B9AB5 /* Debug */ = {
			isa = XCBuildConfiguration;
			buildSettings = {
				ALWAYS_SEARCH_USER_PATHS = NO;
				CLANG_ANALYZER_NONNULL = YES;
				CLANG_ANALYZER_NUMBER_OBJECT_CONVERSION = YES_AGGRESSIVE;
				CLANG_CXX_LANGUAGE_STANDARD = "gnu++20";
				CLANG_ENABLE_MODULES = YES;
				CLANG_ENABLE_OBJC_ARC = YES;
				CLANG_ENABLE_OBJC_WEAK = YES;
				CLANG_WARN_BLOCK_CAPTURE_AUTORELEASING = YES;
				CLANG_WARN_BOOL_CONVERSION = YES;
				CLANG_WARN_COMMA = YES;
				CLANG_WARN_CONSTANT_CONVERSION = YES;
				CLANG_WARN_DEPRECATED_OBJC_IMPLEMENTATIONS = YES;
				CLANG_WARN_DIRECT_OBJC_ISA_USAGE = YES_ERROR;
				CLANG_WARN_DOCUMENTATION_COMMENTS = YES;
				CLANG_WARN_EMPTY_BODY = YES;
				CLANG_WARN_ENUM_CONVERSION = YES;
				CLANG_WARN_INFINITE_RECURSION = YES;
				CLANG_WARN_INT_CONVERSION = YES;
				CLANG_WARN_NON_LITERAL_NULL_CONVERSION = YES;
				CLANG_WARN_OBJC_IMPLICIT_RETAIN_SELF = YES;
				CLANG_WARN_OBJC_LITERAL_CONVERSION = YES;
				CLANG_WARN_OBJC_ROOT_CLASS = YES_ERROR;
				CLANG_WARN_QUOTED_INCLUDE_IN_FRAMEWORK_HEADER = YES;
				CLANG_WARN_RANGE_LOOP_ANALYSIS = YES;
				CLANG_WARN_STRICT_PROTOTYPES = YES;
				CLANG_WARN_SUSPICIOUS_MOVE = YES;
				CLANG_WARN_UNGUARDED_AVAILABILITY = YES_AGGRESSIVE;
				CLANG_WARN_UNREACHABLE_CODE = YES;
				CLANG_WARN__DUPLICATE_METHOD_MATCH = YES;
				COPY_PHASE_STRIP = NO;
				DEBUG_INFORMATION_FORMAT = dwarf;
				ENABLE_STRICT_OBJC_MSGSEND = YES;
				ENABLE_TESTABILITY = YES;
				GCC_C_LANGUAGE_STANDARD = gnu11;
				GCC_DYNAMIC_NO_PIC = NO;
				GCC_NO_COMMON_BLOCKS = YES;
				GCC_OPTIMIZATION_LEVEL = 0;
				GCC_PREPROCESSOR_DEFINITIONS = (
					"DEBUG=1",
					"$(inherited)",
				);
				GCC_WARN_64_TO_32_BIT_CONVERSION = YES;
				GCC_WARN_ABOUT_RETURN_TYPE = YES_ERROR;
				GCC_WARN_UNDECLARED_SELECTOR = YES;
				GCC_WARN_UNINITIALIZED_AUTOS = YES_AGGRESSIVE;
				GCC_WARN_UNUSED_FUNCTION = YES;
				GCC_WARN_UNUSED_VARIABLE = YES;
				IPHONEOS_DEPLOYMENT_TARGET = 16.4;
				MTL_ENABLE_DEBUG_INFO = INCLUDE_SOURCE;
				MTL_FAST_MATH = YES;
				ONLY_ACTIVE_ARCH = YES;
				SDKROOT = iphoneos;
				SWIFT_ACTIVE_COMPILATION_CONDITIONS = DEBUG;
				SWIFT_OPTIMIZATION_LEVEL = "-Onone";
			};
			name = Debug;
		};
		BF367A952A36DEA8007B9AB5 /* Release */ = {
			isa = XCBuildConfiguration;
			buildSettings = {
				ALWAYS_SEARCH_USER_PATHS = NO;
				CLANG_ANALYZER_NONNULL = YES;
				CLANG_ANALYZER_NUMBER_OBJECT_CONVERSION = YES_AGGRESSIVE;
				CLANG_CXX_LANGUAGE_STANDARD = "gnu++20";
				CLANG_ENABLE_MODULES = YES;
				CLANG_ENABLE_OBJC_ARC = YES;
				CLANG_ENABLE_OBJC_WEAK = YES;
				CLANG_WARN_BLOCK_CAPTURE_AUTORELEASING = YES;
				CLANG_WARN_BOOL_CONVERSION = YES;
				CLANG_WARN_COMMA = YES;
				CLANG_WARN_CONSTANT_CONVERSION = YES;
				CLANG_WARN_DEPRECATED_OBJC_IMPLEMENTATIONS = YES;
				CLANG_WARN_DIRECT_OBJC_ISA_USAGE = YES_ERROR;
				CLANG_WARN_DOCUMENTATION_COMMENTS = YES;
				CLANG_WARN_EMPTY_BODY = YES;
				CLANG_WARN_ENUM_CONVERSION = YES;
				CLANG_WARN_INFINITE_RECURSION = YES;
				CLANG_WARN_INT_CONVERSION = YES;
				CLANG_WARN_NON_LITERAL_NULL_CONVERSION = YES;
				CLANG_WARN_OBJC_IMPLICIT_RETAIN_SELF = YES;
				CLANG_WARN_OBJC_LITERAL_CONVERSION = YES;
				CLANG_WARN_OBJC_ROOT_CLASS = YES_ERROR;
				CLANG_WARN_QUOTED_INCLUDE_IN_FRAMEWORK_HEADER = YES;
				CLANG_WARN_RANGE_LOOP_ANALYSIS = YES;
				CLANG_WARN_STRICT_PROTOTYPES = YES;
				CLANG_WARN_SUSPICIOUS_MOVE = YES;
				CLANG_WARN_UNGUARDED_AVAILABILITY = YES_AGGRESSIVE;
				CLANG_WARN_UNREACHABLE_CODE = YES;
				CLANG_WARN__DUPLICATE_METHOD_MATCH = YES;
				COPY_PHASE_STRIP = NO;
				DEBUG_INFORMATION_FORMAT = "dwarf-with-dsym";
				ENABLE_NS_ASSERTIONS = NO;
				ENABLE_STRICT_OBJC_MSGSEND = YES;
				GCC_C_LANGUAGE_STANDARD = gnu11;
				GCC_NO_COMMON_BLOCKS = YES;
				GCC_WARN_64_TO_32_BIT_CONVERSION = YES;
				GCC_WARN_ABOUT_RETURN_TYPE = YES_ERROR;
				GCC_WARN_UNDECLARED_SELECTOR = YES;
				GCC_WARN_UNINITIALIZED_AUTOS = YES_AGGRESSIVE;
				GCC_WARN_UNUSED_FUNCTION = YES;
				GCC_WARN_UNUSED_VARIABLE = YES;
				IPHONEOS_DEPLOYMENT_TARGET = 16.4;
				MTL_ENABLE_DEBUG_INFO = NO;
				MTL_FAST_MATH = YES;
				SDKROOT = iphoneos;
				SWIFT_COMPILATION_MODE = wholemodule;
				SWIFT_OPTIMIZATION_LEVEL = "-O";
				VALIDATE_PRODUCT = YES;
			};
			name = Release;
		};
		BF367A972A36DEA8007B9AB5 /* Debug */ = {
			isa = XCBuildConfiguration;
			buildSettings = {
				ASSETCATALOG_COMPILER_APPICON_NAME = AppIcon;
				ASSETCATALOG_COMPILER_GLOBAL_ACCENT_COLOR_NAME = AccentColor;
				CODE_SIGN_STYLE = Automatic;
				CURRENT_PROJECT_VERSION = 1;
				DEVELOPMENT_ASSET_PATHS = "\"HotelBooking/Preview Content\"";
				DEVELOPMENT_TEAM = L8QX5LU28U;
				ENABLE_PREVIEWS = YES;
				GENERATE_INFOPLIST_FILE = YES;
				INFOPLIST_FILE = HotelBooking/Info.plist;
				INFOPLIST_KEY_UIApplicationSceneManifest_Generation = YES;
				INFOPLIST_KEY_UIApplicationSupportsIndirectInputEvents = YES;
				INFOPLIST_KEY_UILaunchScreen_Generation = YES;
				INFOPLIST_KEY_UISupportedInterfaceOrientations_iPad = "UIInterfaceOrientationPortrait UIInterfaceOrientationPortraitUpsideDown UIInterfaceOrientationLandscapeLeft UIInterfaceOrientationLandscapeRight";
				INFOPLIST_KEY_UISupportedInterfaceOrientations_iPhone = "UIInterfaceOrientationPortrait UIInterfaceOrientationLandscapeLeft UIInterfaceOrientationLandscapeRight";
				LD_RUNPATH_SEARCH_PATHS = (
					"$(inherited)",
					"@executable_path/Frameworks",
				);
				MARKETING_VERSION = 1.0;
				PRODUCT_BUNDLE_IDENTIFIER = au.edu.uts.student.HotelBooking;
				PRODUCT_NAME = "$(TARGET_NAME)";
				SUPPORTED_PLATFORMS = "iphoneos iphonesimulator";
				SUPPORTS_MACCATALYST = NO;
				SUPPORTS_MAC_DESIGNED_FOR_IPHONE_IPAD = NO;
				SWIFT_EMIT_LOC_STRINGS = YES;
				SWIFT_VERSION = 5.0;
				TARGETED_DEVICE_FAMILY = 1;
			};
			name = Debug;
		};
		BF367A982A36DEA8007B9AB5 /* Release */ = {
			isa = XCBuildConfiguration;
			buildSettings = {
				ASSETCATALOG_COMPILER_APPICON_NAME = AppIcon;
				ASSETCATALOG_COMPILER_GLOBAL_ACCENT_COLOR_NAME = AccentColor;
				CODE_SIGN_STYLE = Automatic;
				CURRENT_PROJECT_VERSION = 1;
				DEVELOPMENT_ASSET_PATHS = "\"HotelBooking/Preview Content\"";
				DEVELOPMENT_TEAM = L8QX5LU28U;
				ENABLE_PREVIEWS = YES;
				GENERATE_INFOPLIST_FILE = YES;
				INFOPLIST_FILE = HotelBooking/Info.plist;
				INFOPLIST_KEY_UIApplicationSceneManifest_Generation = YES;
				INFOPLIST_KEY_UIApplicationSupportsIndirectInputEvents = YES;
				INFOPLIST_KEY_UILaunchScreen_Generation = YES;
				INFOPLIST_KEY_UISupportedInterfaceOrientations_iPad = "UIInterfaceOrientationPortrait UIInterfaceOrientationPortraitUpsideDown UIInterfaceOrientationLandscapeLeft UIInterfaceOrientationLandscapeRight";
				INFOPLIST_KEY_UISupportedInterfaceOrientations_iPhone = "UIInterfaceOrientationPortrait UIInterfaceOrientationLandscapeLeft UIInterfaceOrientationLandscapeRight";
				LD_RUNPATH_SEARCH_PATHS = (
					"$(inherited)",
					"@executable_path/Frameworks",
				);
				MARKETING_VERSION = 1.0;
				PRODUCT_BUNDLE_IDENTIFIER = au.edu.uts.student.HotelBooking;
				PRODUCT_NAME = "$(TARGET_NAME)";
				SUPPORTED_PLATFORMS = "iphoneos iphonesimulator";
				SUPPORTS_MACCATALYST = NO;
				SUPPORTS_MAC_DESIGNED_FOR_IPHONE_IPAD = NO;
				SWIFT_EMIT_LOC_STRINGS = YES;
				SWIFT_VERSION = 5.0;
				TARGETED_DEVICE_FAMILY = 1;
			};
			name = Release;
		};
		BF367A9A2A36DEA8007B9AB5 /* Debug */ = {
			isa = XCBuildConfiguration;
			buildSettings = {
				ALWAYS_EMBED_SWIFT_STANDARD_LIBRARIES = YES;
				BUNDLE_LOADER = "$(TEST_HOST)";
				CODE_SIGN_STYLE = Automatic;
				CURRENT_PROJECT_VERSION = 1;
				GENERATE_INFOPLIST_FILE = YES;
				IPHONEOS_DEPLOYMENT_TARGET = 16.4;
				MARKETING_VERSION = 1.0;
				PRODUCT_BUNDLE_IDENTIFIER = au.edu.uts.student.HotelBookingTests;
				PRODUCT_NAME = "$(TARGET_NAME)";
				SWIFT_EMIT_LOC_STRINGS = NO;
				SWIFT_VERSION = 5.0;
				TARGETED_DEVICE_FAMILY = "1,2";
				TEST_HOST = "$(BUILT_PRODUCTS_DIR)/HotelBooking.app/$(BUNDLE_EXECUTABLE_FOLDER_PATH)/HotelBooking";
			};
			name = Debug;
		};
		BF367A9B2A36DEA8007B9AB5 /* Release */ = {
			isa = XCBuildConfiguration;
			buildSettings = {
				ALWAYS_EMBED_SWIFT_STANDARD_LIBRARIES = YES;
				BUNDLE_LOADER = "$(TEST_HOST)";
				CODE_SIGN_STYLE = Automatic;
				CURRENT_PROJECT_VERSION = 1;
				GENERATE_INFOPLIST_FILE = YES;
				IPHONEOS_DEPLOYMENT_TARGET = 16.4;
				MARKETING_VERSION = 1.0;
				PRODUCT_BUNDLE_IDENTIFIER = au.edu.uts.student.HotelBookingTests;
				PRODUCT_NAME = "$(TARGET_NAME)";
				SWIFT_EMIT_LOC_STRINGS = NO;
				SWIFT_VERSION = 5.0;
				TARGETED_DEVICE_FAMILY = "1,2";
				TEST_HOST = "$(BUILT_PRODUCTS_DIR)/HotelBooking.app/$(BUNDLE_EXECUTABLE_FOLDER_PATH)/HotelBooking";
			};
			name = Release;
		};
		BF367A9D2A36DEA8007B9AB5 /* Debug */ = {
			isa = XCBuildConfiguration;
			buildSettings = {
				ALWAYS_EMBED_SWIFT_STANDARD_LIBRARIES = YES;
				CODE_SIGN_STYLE = Automatic;
				CURRENT_PROJECT_VERSION = 1;
				GENERATE_INFOPLIST_FILE = YES;
				MARKETING_VERSION = 1.0;
				PRODUCT_BUNDLE_IDENTIFIER = au.edu.uts.student.HotelBookingUITests;
				PRODUCT_NAME = "$(TARGET_NAME)";
				SWIFT_EMIT_LOC_STRINGS = NO;
				SWIFT_VERSION = 5.0;
				TARGETED_DEVICE_FAMILY = "1,2";
				TEST_TARGET_NAME = HotelBooking;
			};
			name = Debug;
		};
		BF367A9E2A36DEA8007B9AB5 /* Release */ = {
			isa = XCBuildConfiguration;
			buildSettings = {
				ALWAYS_EMBED_SWIFT_STANDARD_LIBRARIES = YES;
				CODE_SIGN_STYLE = Automatic;
				CURRENT_PROJECT_VERSION = 1;
				GENERATE_INFOPLIST_FILE = YES;
				MARKETING_VERSION = 1.0;
				PRODUCT_BUNDLE_IDENTIFIER = au.edu.uts.student.HotelBookingUITests;
				PRODUCT_NAME = "$(TARGET_NAME)";
				SWIFT_EMIT_LOC_STRINGS = NO;
				SWIFT_VERSION = 5.0;
				TARGETED_DEVICE_FAMILY = "1,2";
				TEST_TARGET_NAME = HotelBooking;
			};
			name = Release;
		};
/* End XCBuildConfiguration section */

/* Begin XCConfigurationList section */
		BF367A6D2A36DEA7007B9AB5 /* Build configuration list for PBXProject "HotelBooking" */ = {
			isa = XCConfigurationList;
			buildConfigurations = (
				BF367A942A36DEA8007B9AB5 /* Debug */,
				BF367A952A36DEA8007B9AB5 /* Release */,
			);
			defaultConfigurationIsVisible = 0;
			defaultConfigurationName = Release;
		};
		BF367A962A36DEA8007B9AB5 /* Build configuration list for PBXNativeTarget "HotelBooking" */ = {
			isa = XCConfigurationList;
			buildConfigurations = (
				BF367A972A36DEA8007B9AB5 /* Debug */,
				BF367A982A36DEA8007B9AB5 /* Release */,
			);
			defaultConfigurationIsVisible = 0;
			defaultConfigurationName = Release;
		};
		BF367A992A36DEA8007B9AB5 /* Build configuration list for PBXNativeTarget "HotelBookingTests" */ = {
			isa = XCConfigurationList;
			buildConfigurations = (
				BF367A9A2A36DEA8007B9AB5 /* Debug */,
				BF367A9B2A36DEA8007B9AB5 /* Release */,
			);
			defaultConfigurationIsVisible = 0;
			defaultConfigurationName = Release;
		};
		BF367A9C2A36DEA8007B9AB5 /* Build configuration list for PBXNativeTarget "HotelBookingUITests" */ = {
			isa = XCConfigurationList;
			buildConfigurations = (
				BF367A9D2A36DEA8007B9AB5 /* Debug */,
				BF367A9E2A36DEA8007B9AB5 /* Release */,
			);
			defaultConfigurationIsVisible = 0;
			defaultConfigurationName = Release;
		};
/* End XCConfigurationList section */

/* Begin XCRemoteSwiftPackageReference section */
		BF6208B92A711EF000CF9670 /* XCRemoteSwiftPackageReference "Alamofire" */ = {
			isa = XCRemoteSwiftPackageReference;
			repositoryURL = "https://github.com/Alamofire/Alamofire.git";
			requirement = {
				kind = upToNextMajorVersion;
				minimumVersion = 5.0.0;
			};
		};
		BF6208BC2A71277F00CF9670 /* XCRemoteSwiftPackageReference "Parse-Swift" */ = {
			isa = XCRemoteSwiftPackageReference;
			repositoryURL = "https://github.com/parse-community/Parse-Swift";
			requirement = {
				kind = upToNextMajorVersion;
				minimumVersion = 4.0.0;
			};
		};
		BF6208C32A715AF300CF9670 /* XCRemoteSwiftPackageReference "url-image" */ = {
			isa = XCRemoteSwiftPackageReference;
			repositoryURL = "https://github.com/dmytro-anokhin/url-image.git";
			requirement = {
				kind = upToNextMajorVersion;
				minimumVersion = 3.0.0;
			};
		};
		BFC36CBB2A471EB600B50B41 /* XCRemoteSwiftPackageReference "HorizonCalendar" */ = {
			isa = XCRemoteSwiftPackageReference;
			repositoryURL = "https://github.com/airbnb/HorizonCalendar.git";
			requirement = {
				branch = master;
				kind = branch;
			};
		};
/* End XCRemoteSwiftPackageReference section */

/* Begin XCSwiftPackageProductDependency section */
		BF6208BA2A711EF000CF9670 /* Alamofire */ = {
			isa = XCSwiftPackageProductDependency;
			package = BF6208B92A711EF000CF9670 /* XCRemoteSwiftPackageReference "Alamofire" */;
			productName = Alamofire;
		};
		BF6208BD2A71277F00CF9670 /* ParseSwift */ = {
			isa = XCSwiftPackageProductDependency;
			package = BF6208BC2A71277F00CF9670 /* XCRemoteSwiftPackageReference "Parse-Swift" */;
			productName = ParseSwift;
		};
		BF6208C42A715AF300CF9670 /* URLImage */ = {
			isa = XCSwiftPackageProductDependency;
			package = BF6208C32A715AF300CF9670 /* XCRemoteSwiftPackageReference "url-image" */;
			productName = URLImage;
		};
		BF6208C62A715AF300CF9670 /* URLImageStore */ = {
			isa = XCSwiftPackageProductDependency;
			package = BF6208C32A715AF300CF9670 /* XCRemoteSwiftPackageReference "url-image" */;
			productName = URLImageStore;
		};
		BFC36CBC2A471EB600B50B41 /* HorizonCalendar */ = {
			isa = XCSwiftPackageProductDependency;
			package = BFC36CBB2A471EB600B50B41 /* XCRemoteSwiftPackageReference "HorizonCalendar" */;
			productName = HorizonCalendar;
		};
/* End XCSwiftPackageProductDependency section */
	};
	rootObject = BF367A6A2A36DEA7007B9AB5 /* Project object */;
}
